
Microsoft Visual Studio Solution File, Format Version 12.00
# Visual Studio Version 17
VisualStudioVersion = 17.11.35222.181
MinimumVisualStudioVersion = 10.0.40219.1
Project("{2150E333-8FDC-42A3-9474-1A3956D46DE8}") = "Task0", "Task0", "{ED77C82C-7480-47D2-B09F-A2064CDD8B5D}"
EndProject
Project("{FAE04EC0-301F-11D3-BF4B-00C04F79EFBC}") = "Tyuiu.SyrtsovaSA.Sprint5.Task0.V11", "Tyuiu.SyrtsovaSA.Sprint5.Task0.V11\Tyuiu.SyrtsovaSA.Sprint5.Task0.V11.csproj", "{7A57C296-57A6-4312-B4D3-281A28EC5C3A}"
EndProject
Project("{FAE04EC0-301F-11D3-BF4B-00C04F79EFBC}") = "Tyuiu.SyrtsovaSA.Sprint5.Task0.V11.Lib", "Tyuiu.SyrtsovaSA.Sprint5.Task0.V11.Lib\Tyuiu.SyrtsovaSA.Sprint5.Task0.V11.Lib.csproj", "{A945623B-6E0D-4663-9564-1D4128F69FBE}"
EndProject
Project("{FAE04EC0-301F-11D3-BF4B-00C04F79EFBC}") = "Tyuiu.SyrtsovaSA.Sprint5.Task0.V11.Test", "Tyuiu.SyrtsovaSA.Sprint5.Task0.V11.Test\Tyuiu.SyrtsovaSA.Sprint5.Task0.V11.Test.csproj", "{EE825041-A0D0-438D-BE05-376A7174B920}"
EndProject
Project("{2150E333-8FDC-42A3-9474-1A3956D46DE8}") = "Task1", "Task1", "{9825A70E-9A0E-46D8-B6E5-FB0FE974008E}"
EndProject
Project("{FAE04EC0-301F-11D3-BF4B-00C04F79EFBC}") = "Tyuiu.SyrtsovaSA.Sprint5.Task1.V4", "Tyuiu.SyrtsovaSA.Sprint5.Task1.V4\Tyuiu.SyrtsovaSA.Sprint5.Task1.V4.csproj", "{E2020824-31BE-4D09-9263-844BAABC0686}"
EndProject
Project("{FAE04EC0-301F-11D3-BF4B-00C04F79EFBC}") = "Tyuiu.SyrtsovaSA.Sprint5.Task1.V4.Lib", "Tyuiu.SyrtsovaSA.Sprint5.Task1.V4.Lib\Tyuiu.SyrtsovaSA.Sprint5.Task1.V4.Lib.csproj", "{B5D38514-E16A-438E-87A6-1E06717F3DD9}"
EndProject
Project("{FAE04EC0-301F-11D3-BF4B-00C04F79EFBC}") = "Tyuiu.SyrtsovaSA.Sprint5.Task1.V4.Test", "Tyuiu.SyrtsovaSA.Sprint5.Task1.V4.Test\Tyuiu.SyrtsovaSA.Sprint5.Task1.V4.Test.csproj", "{D9751D4D-2F0A-4414-96E8-9A91BF762979}"
EndProject
Project("{2150E333-8FDC-42A3-9474-1A3956D46DE8}") = "Task2", "Task2", "{B46F1006-CAC3-4628-84FE-FB1DED08F538}"
EndProject
Project("{FAE04EC0-301F-11D3-BF4B-00C04F79EFBC}") = "Tyuiu.SyrtsovaSA.Sprint5.Task2.V6", "Tyuiu.SyrtsovaSA.Sprint5.Task2.V6\Tyuiu.SyrtsovaSA.Sprint5.Task2.V6.csproj", "{CE030E41-F8FD-4F31-99B9-9A4A04DC3B3E}"
EndProject
Project("{FAE04EC0-301F-11D3-BF4B-00C04F79EFBC}") = "Tyuiu.SyrtsovaSA.Sprint5.Task2.V6.Lib", "Tyuiu.SyrtsovaSA.Sprint5.Task2.V6.Lib\Tyuiu.SyrtsovaSA.Sprint5.Task2.V6.Lib.csproj", "{F946FFE0-3BEE-4EAA-8272-A74A7B58B38F}"
EndProject
Project("{FAE04EC0-301F-11D3-BF4B-00C04F79EFBC}") = "Tyuiu.SyrtsovaSA.Sprint5.Task2.V6.Test", "Tyuiu.SyrtsovaSA.Sprint5.Task2.V6.Test\Tyuiu.SyrtsovaSA.Sprint5.Task2.V6.Test.csproj", "{29D89E90-2110-4D00-A22A-D804AEBF7221}"
EndProject
Global
	GlobalSection(SolutionProperties) = preSolution
		HideSolutionNode = FALSE
	EndGlobalSection
	GlobalSection(ExtensibilityGlobals) = postSolution
		SolutionGuid = {31A2A6C6-B112-401D-8C47-4FDFB01E6453}
	EndGlobalSection
	GlobalSection(SolutionConfigurationPlatforms) = preSolution
		Debug|Any CPU = Debug|Any CPU
		Debug|x64 = Debug|x64
		Debug|x86 = Debug|x86
		Release|Any CPU = Release|Any CPU
		Release|x64 = Release|x64
		Release|x86 = Release|x86
	EndGlobalSection
	GlobalSection(ProjectConfigurationPlatforms) = postSolution
		{7A57C296-57A6-4312-B4D3-281A28EC5C3A}.Debug|Any CPU.ActiveCfg = Debug|Any CPU
		{7A57C296-57A6-4312-B4D3-281A28EC5C3A}.Debug|Any CPU.Build.0 = Debug|Any CPU
		{7A57C296-57A6-4312-B4D3-281A28EC5C3A}.Debug|x64.ActiveCfg = Debug|Any CPU
		{7A57C296-57A6-4312-B4D3-281A28EC5C3A}.Debug|x64.Build.0 = Debug|Any CPU
		{7A57C296-57A6-4312-B4D3-281A28EC5C3A}.Debug|x86.ActiveCfg = Debug|Any CPU
		{7A57C296-57A6-4312-B4D3-281A28EC5C3A}.Debug|x86.Build.0 = Debug|Any CPU
		{7A57C296-57A6-4312-B4D3-281A28EC5C3A}.Release|Any CPU.ActiveCfg = Release|Any CPU
		{7A57C296-57A6-4312-B4D3-281A28EC5C3A}.Release|Any CPU.Build.0 = Release|Any CPU
		{7A57C296-57A6-4312-B4D3-281A28EC5C3A}.Release|x64.ActiveCfg = Release|Any CPU
		{7A57C296-57A6-4312-B4D3-281A28EC5C3A}.Release|x64.Build.0 = Release|Any CPU
		{7A57C296-57A6-4312-B4D3-281A28EC5C3A}.Release|x86.ActiveCfg = Release|Any CPU
		{7A57C296-57A6-4312-B4D3-281A28EC5C3A}.Release|x86.Build.0 = Release|Any CPU
		{A945623B-6E0D-4663-9564-1D4128F69FBE}.Debug|Any CPU.ActiveCfg = Debug|Any CPU
		{A945623B-6E0D-4663-9564-1D4128F69FBE}.Debug|Any CPU.Build.0 = Debug|Any CPU
		{A945623B-6E0D-4663-9564-1D4128F69FBE}.Debug|x64.ActiveCfg = Debug|Any CPU
		{A945623B-6E0D-4663-9564-1D4128F69FBE}.Debug|x64.Build.0 = Debug|Any CPU
		{A945623B-6E0D-4663-9564-1D4128F69FBE}.Debug|x86.ActiveCfg = Debug|Any CPU
		{A945623B-6E0D-4663-9564-1D4128F69FBE}.Debug|x86.Build.0 = Debug|Any CPU
		{A945623B-6E0D-4663-9564-1D4128F69FBE}.Release|Any CPU.ActiveCfg = Release|Any CPU
		{A945623B-6E0D-4663-9564-1D4128F69FBE}.Release|Any CPU.Build.0 = Release|Any CPU
		{A945623B-6E0D-4663-9564-1D4128F69FBE}.Release|x64.ActiveCfg = Release|Any CPU
		{A945623B-6E0D-4663-9564-1D4128F69FBE}.Release|x64.Build.0 = Release|Any CPU
		{A945623B-6E0D-4663-9564-1D4128F69FBE}.Release|x86.ActiveCfg = Release|Any CPU
		{A945623B-6E0D-4663-9564-1D4128F69FBE}.Release|x86.Build.0 = Release|Any CPU
		{EE825041-A0D0-438D-BE05-376A7174B920}.Debug|Any CPU.ActiveCfg = Debug|Any CPU
		{EE825041-A0D0-438D-BE05-376A7174B920}.Debug|Any CPU.Build.0 = Debug|Any CPU
		{EE825041-A0D0-438D-BE05-376A7174B920}.Debug|x64.ActiveCfg = Debug|Any CPU
		{EE825041-A0D0-438D-BE05-376A7174B920}.Debug|x64.Build.0 = Debug|Any CPU
		{EE825041-A0D0-438D-BE05-376A7174B920}.Debug|x86.ActiveCfg = Debug|Any CPU
		{EE825041-A0D0-438D-BE05-376A7174B920}.Debug|x86.Build.0 = Debug|Any CPU
		{EE825041-A0D0-438D-BE05-376A7174B920}.Release|Any CPU.ActiveCfg = Release|Any CPU
		{EE825041-A0D0-438D-BE05-376A7174B920}.Release|Any CPU.Build.0 = Release|Any CPU
		{EE825041-A0D0-438D-BE05-376A7174B920}.Release|x64.ActiveCfg = Release|Any CPU
		{EE825041-A0D0-438D-BE05-376A7174B920}.Release|x64.Build.0 = Release|Any CPU
		{EE825041-A0D0-438D-BE05-376A7174B920}.Release|x86.ActiveCfg = Release|Any CPU
		{EE825041-A0D0-438D-BE05-376A7174B920}.Release|x86.Build.0 = Release|Any CPU
		{E2020824-31BE-4D09-9263-844BAABC0686}.Debug|Any CPU.ActiveCfg = Debug|Any CPU
		{E2020824-31BE-4D09-9263-844BAABC0686}.Debug|Any CPU.Build.0 = Debug|Any CPU
		{E2020824-31BE-4D09-9263-844BAABC0686}.Debug|x64.ActiveCfg = Debug|Any CPU
		{E2020824-31BE-4D09-9263-844BAABC0686}.Debug|x64.Build.0 = Debug|Any CPU
		{E2020824-31BE-4D09-9263-844BAABC0686}.Debug|x86.ActiveCfg = Debug|Any CPU
		{E2020824-31BE-4D09-9263-844BAABC0686}.Debug|x86.Build.0 = Debug|Any CPU
		{E2020824-31BE-4D09-9263-844BAABC0686}.Release|Any CPU.ActiveCfg = Release|Any CPU
		{E2020824-31BE-4D09-9263-844BAABC0686}.Release|Any CPU.Build.0 = Release|Any CPU
		{E2020824-31BE-4D09-9263-844BAABC0686}.Release|x64.ActiveCfg = Release|Any CPU
		{E2020824-31BE-4D09-9263-844BAABC0686}.Release|x64.Build.0 = Release|Any CPU
		{E2020824-31BE-4D09-9263-844BAABC0686}.Release|x86.ActiveCfg = Release|Any CPU
		{E2020824-31BE-4D09-9263-844BAABC0686}.Release|x86.Build.0 = Release|Any CPU
		{B5D38514-E16A-438E-87A6-1E06717F3DD9}.Debug|Any CPU.ActiveCfg = Debug|Any CPU
		{B5D38514-E16A-438E-87A6-1E06717F3DD9}.Debug|Any CPU.Build.0 = Debug|Any CPU
		{B5D38514-E16A-438E-87A6-1E06717F3DD9}.Debug|x64.ActiveCfg = Debug|Any CPU
		{B5D38514-E16A-438E-87A6-1E06717F3DD9}.Debug|x64.Build.0 = Debug|Any CPU
		{B5D38514-E16A-438E-87A6-1E06717F3DD9}.Debug|x86.ActiveCfg = Debug|Any CPU
		{B5D38514-E16A-438E-87A6-1E06717F3DD9}.Debug|x86.Build.0 = Debug|Any CPU
		{B5D38514-E16A-438E-87A6-1E06717F3DD9}.Release|Any CPU.ActiveCfg = Release|Any CPU
		{B5D38514-E16A-438E-87A6-1E06717F3DD9}.Release|Any CPU.Build.0 = Release|Any CPU
		{B5D38514-E16A-438E-87A6-1E06717F3DD9}.Release|x64.ActiveCfg = Release|Any CPU
		{B5D38514-E16A-438E-87A6-1E06717F3DD9}.Release|x64.Build.0 = Release|Any CPU
		{B5D38514-E16A-438E-87A6-1E06717F3DD9}.Release|x86.ActiveCfg = Release|Any CPU
		{B5D38514-E16A-438E-87A6-1E06717F3DD9}.Release|x86.Build.0 = Release|Any CPU
		{D9751D4D-2F0A-4414-96E8-9A91BF762979}.Debug|Any CPU.ActiveCfg = Debug|Any CPU
		{D9751D4D-2F0A-4414-96E8-9A91BF762979}.Debug|Any CPU.Build.0 = Debug|Any CPU
		{D9751D4D-2F0A-4414-96E8-9A91BF762979}.Debug|x64.ActiveCfg = Debug|Any CPU
		{D9751D4D-2F0A-4414-96E8-9A91BF762979}.Debug|x64.Build.0 = Debug|Any CPU
		{D9751D4D-2F0A-4414-96E8-9A91BF762979}.Debug|x86.ActiveCfg = Debug|Any CPU
		{D9751D4D-2F0A-4414-96E8-9A91BF762979}.Debug|x86.Build.0 = Debug|Any CPU
		{D9751D4D-2F0A-4414-96E8-9A91BF762979}.Release|Any CPU.ActiveCfg = Release|Any CPU
		{D9751D4D-2F0A-4414-96E8-9A91BF762979}.Release|Any CPU.Build.0 = Release|Any CPU
		{D9751D4D-2F0A-4414-96E8-9A91BF762979}.Release|x64.ActiveCfg = Release|Any CPU
		{D9751D4D-2F0A-4414-96E8-9A91BF762979}.Release|x64.Build.0 = Release|Any CPU
		{D9751D4D-2F0A-4414-96E8-9A91BF762979}.Release|x86.ActiveCfg = Release|Any CPU
		{D9751D4D-2F0A-4414-96E8-9A91BF762979}.Release|x86.Build.0 = Release|Any CPU
		{CE030E41-F8FD-4F31-99B9-9A4A04DC3B3E}.Debug|Any CPU.ActiveCfg = Debug|Any CPU
		{CE030E41-F8FD-4F31-99B9-9A4A04DC3B3E}.Debug|Any CPU.Build.0 = Debug|Any CPU
		{CE030E41-F8FD-4F31-99B9-9A4A04DC3B3E}.Debug|x64.ActiveCfg = Debug|Any CPU
		{CE030E41-F8FD-4F31-99B9-9A4A04DC3B3E}.Debug|x64.Build.0 = Debug|Any CPU
		{CE030E41-F8FD-4F31-99B9-9A4A04DC3B3E}.Debug|x86.ActiveCfg = Debug|Any CPU
		{CE030E41-F8FD-4F31-99B9-9A4A04DC3B3E}.Debug|x86.Build.0 = Debug|Any CPU
		{CE030E41-F8FD-4F31-99B9-9A4A04DC3B3E}.Release|Any CPU.ActiveCfg = Release|Any CPU
		{CE030E41-F8FD-4F31-99B9-9A4A04DC3B3E}.Release|Any CPU.Build.0 = Release|Any CPU
		{CE030E41-F8FD-4F31-99B9-9A4A04DC3B3E}.Release|x64.ActiveCfg = Release|Any CPU
		{CE030E41-F8FD-4F31-99B9-9A4A04DC3B3E}.Release|x64.Build.0 = Release|Any CPU
		{CE030E41-F8FD-4F31-99B9-9A4A04DC3B3E}.Release|x86.ActiveCfg = Release|Any CPU
		{CE030E41-F8FD-4F31-99B9-9A4A04DC3B3E}.Release|x86.Build.0 = Release|Any CPU
		{F946FFE0-3BEE-4EAA-8272-A74A7B58B38F}.Debug|Any CPU.ActiveCfg = Debug|Any CPU
		{F946FFE0-3BEE-4EAA-8272-A74A7B58B38F}.Debug|Any CPU.Build.0 = Debug|Any CPU
		{F946FFE0-3BEE-4EAA-8272-A74A7B58B38F}.Debug|x64.ActiveCfg = Debug|Any CPU
		{F946FFE0-3BEE-4EAA-8272-A74A7B58B38F}.Debug|x64.Build.0 = Debug|Any CPU
		{F946FFE0-3BEE-4EAA-8272-A74A7B58B38F}.Debug|x86.ActiveCfg = Debug|Any CPU
		{F946FFE0-3BEE-4EAA-8272-A74A7B58B38F}.Debug|x86.Build.0 = Debug|Any CPU
		{F946FFE0-3BEE-4EAA-8272-A74A7B58B38F}.Release|Any CPU.ActiveCfg = Release|Any CPU
		{F946FFE0-3BEE-4EAA-8272-A74A7B58B38F}.Release|Any CPU.Build.0 = Release|Any CPU
		{F946FFE0-3BEE-4EAA-8272-A74A7B58B38F}.Release|x64.ActiveCfg = Release|Any CPU
		{F946FFE0-3BEE-4EAA-8272-A74A7B58B38F}.Release|x64.Build.0 = Release|Any CPU
		{F946FFE0-3BEE-4EAA-8272-A74A7B58B38F}.Release|x86.ActiveCfg = Release|Any CPU
		{F946FFE0-3BEE-4EAA-8272-A74A7B58B38F}.Release|x86.Build.0 = Release|Any CPU
		{29D89E90-2110-4D00-A22A-D804AEBF7221}.Debug|Any CPU.ActiveCfg = Debug|Any CPU
		{29D89E90-2110-4D00-A22A-D804AEBF7221}.Debug|Any CPU.Build.0 = Debug|Any CPU
		{29D89E90-2110-4D00-A22A-D804AEBF7221}.Debug|x64.ActiveCfg = Debug|Any CPU
		{29D89E90-2110-4D00-A22A-D804AEBF7221}.Debug|x64.Build.0 = Debug|Any CPU
		{29D89E90-2110-4D00-A22A-D804AEBF7221}.Debug|x86.ActiveCfg = Debug|Any CPU
		{29D89E90-2110-4D00-A22A-D804AEBF7221}.Debug|x86.Build.0 = Debug|Any CPU
		{29D89E90-2110-4D00-A22A-D804AEBF7221}.Release|Any CPU.ActiveCfg = Release|Any CPU
		{29D89E90-2110-4D00-A22A-D804AEBF7221}.Release|Any CPU.Build.0 = Release|Any CPU
		{29D89E90-2110-4D00-A22A-D804AEBF7221}.Release|x64.ActiveCfg = Release|Any CPU
		{29D89E90-2110-4D00-A22A-D804AEBF7221}.Release|x64.Build.0 = Release|Any CPU
		{29D89E90-2110-4D00-A22A-D804AEBF7221}.Release|x86.ActiveCfg = Release|Any CPU
		{29D89E90-2110-4D00-A22A-D804AEBF7221}.Release|x86.Build.0 = Release|Any CPU
	EndGlobalSection
	GlobalSection(NestedProjects) = preSolution
		{7A57C296-57A6-4312-B4D3-281A28EC5C3A} = {ED77C82C-7480-47D2-B09F-A2064CDD8B5D}
		{A945623B-6E0D-4663-9564-1D4128F69FBE} = {ED77C82C-7480-47D2-B09F-A2064CDD8B5D}
		{EE825041-A0D0-438D-BE05-376A7174B920} = {ED77C82C-7480-47D2-B09F-A2064CDD8B5D}
		{E2020824-31BE-4D09-9263-844BAABC0686} = {9825A70E-9A0E-46D8-B6E5-FB0FE974008E}
		{B5D38514-E16A-438E-87A6-1E06717F3DD9} = {9825A70E-9A0E-46D8-B6E5-FB0FE974008E}
		{D9751D4D-2F0A-4414-96E8-9A91BF762979} = {9825A70E-9A0E-46D8-B6E5-FB0FE974008E}
		{CE030E41-F8FD-4F31-99B9-9A4A04DC3B3E} = {B46F1006-CAC3-4628-84FE-FB1DED08F538}
		{F946FFE0-3BEE-4EAA-8272-A74A7B58B38F} = {B46F1006-CAC3-4628-84FE-FB1DED08F538}
		{29D89E90-2110-4D00-A22A-D804AEBF7221} = {B46F1006-CAC3-4628-84FE-FB1DED08F538}
	EndGlobalSection
EndGlobal
